
Microsoft Visual Studio Solution File, Format Version 12.00
# Visual Studio Version 16
VisualStudioVersion = 16.0.31025.194
MinimumVisualStudioVersion = 10.0.40219.1
Project("{8BC9CEB8-8B4A-11D0-8D11-00A0C91BC942}") = "Project1", "Project1\Project1.vcxproj", "{C5F7560B-77F0-4464-BAEA-44F0486D7344}"
EndProject
Project("{8BC9CEB8-8B4A-11D0-8D11-00A0C91BC942}") = "Project2", "Project2\Project2.vcxproj", "{985B5361-D5D1-45E9-B4B5-68BD02DF45C6}"
EndProject
Project("{8BC9CEB8-8B4A-11D0-8D11-00A0C91BC942}") = "Project3", "Project3\Project3.vcxproj", "{F66109BE-E92E-4D1E-AC3B-8DE8D962C9DE}"
EndProject
Project("{8BC9CEB8-8B4A-11D0-8D11-00A0C91BC942}") = "Project4", "Project4\Project4.vcxproj", "{21BB6F62-9E82-46DC-9BDB-9AC2B80E5EF0}"
EndProject
Project("{8BC9CEB8-8B4A-11D0-8D11-00A0C91BC942}") = "Project5", "Project5\Project5.vcxproj", "{2588492D-89FD-4788-B2A1-2D500B3EB6F2}"
EndProject
Project("{8BC9CEB8-8B4A-11D0-8D11-00A0C91BC942}") = "Project6", "Project6\Project6.vcxproj", "{C94DD683-5018-46AA-904C-E46066633054}"
EndProject
Project("{8BC9CEB8-8B4A-11D0-8D11-00A0C91BC942}") = "Project7", "Project7\Project7.vcxproj", "{4DAD75E0-ED2D-4929-9CFE-53E3B8A35F42}"
EndProject
Project("{8BC9CEB8-8B4A-11D0-8D11-00A0C91BC942}") = "Project8", "Project8\Project8.vcxproj", "{D86AE9C7-6D3D-4F00-B2A5-CFA92E463DE9}"
EndProject
Project("{8BC9CEB8-8B4A-11D0-8D11-00A0C91BC942}") = "Project9", "Project9\Project9.vcxproj", "{877E0B6B-A996-48BA-821A-94D4D3990718}"
EndProject
Project("{8BC9CEB8-8B4A-11D0-8D11-00A0C91BC942}") = "Project10", "Project10\Project10.vcxproj", "{B3E47702-86B2-45F5-A4FE-D5E8F9530F7C}"
EndProject
Project("{8BC9CEB8-8B4A-11D0-8D11-00A0C91BC942}") = "Project11", "Project11\Project11.vcxproj", "{1CEC8F8C-8043-4DFB-84E4-65860364EACF}"
EndProject
Project("{8BC9CEB8-8B4A-11D0-8D11-00A0C91BC942}") = "Project12", "Project12\Project12.vcxproj", "{6A40EFD9-5571-4805-B4D4-E75D1321D61B}"
EndProject
Project("{8BC9CEB8-8B4A-11D0-8D11-00A0C91BC942}") = "Project13", "Project13\Project13.vcxproj", "{00DA33F9-621A-4917-98E0-DB93D5F91A06}"
EndProject
Project("{8BC9CEB8-8B4A-11D0-8D11-00A0C91BC942}") = "Project14", "Project14\Project14.vcxproj", "{E4873E40-6E5A-4F0D-983E-C3036FF488C1}"
EndProject
Project("{8BC9CEB8-8B4A-11D0-8D11-00A0C91BC942}") = "Project15", "Project15\Project15.vcxproj", "{65FC8434-8CCC-4D28-B61E-75EB502D91CC}"
EndProject
Project("{8BC9CEB8-8B4A-11D0-8D11-00A0C91BC942}") = "Project16", "Project16\Project16.vcxproj", "{A565DFA2-42C8-4989-A57D-E498D4211C1F}"
EndProject
Project("{8BC9CEB8-8B4A-11D0-8D11-00A0C91BC942}") = "Project17", "Project17\Project17.vcxproj", "{C5AB6608-42BF-4AF3-BBA3-1A0F07D759A5}"
EndProject
Project("{8BC9CEB8-8B4A-11D0-8D11-00A0C91BC942}") = "Project18", "Project18\Project18.vcxproj", "{163D7E86-F794-492F-B03E-DB45B23C1EAA}"
EndProject
Project("{8BC9CEB8-8B4A-11D0-8D11-00A0C91BC942}") = "Project19", "Project19\Project19.vcxproj", "{A14CE679-4FC5-432B-89B1-1C5AB3868C70}"
EndProject
Project("{8BC9CEB8-8B4A-11D0-8D11-00A0C91BC942}") = "Project20", "Project20\Project20.vcxproj", "{4DA7DA68-14DA-4665-ADBE-FC07C28F0B81}"
EndProject
Project("{8BC9CEB8-8B4A-11D0-8D11-00A0C91BC942}") = "Project21", "Project21\Project21.vcxproj", "{38C05E0C-DD85-4B33-BEA5-F386D76B0074}"
EndProject
Global
	GlobalSection(SolutionConfigurationPlatforms) = preSolution
		Debug|x64 = Debug|x64
		Debug|x86 = Debug|x86
		Release|x64 = Release|x64
		Release|x86 = Release|x86
	EndGlobalSection
	GlobalSection(ProjectConfigurationPlatforms) = postSolution
		{C5F7560B-77F0-4464-BAEA-44F0486D7344}.Debug|x64.ActiveCfg = Debug|x64
		{C5F7560B-77F0-4464-BAEA-44F0486D7344}.Debug|x64.Build.0 = Debug|x64
		{C5F7560B-77F0-4464-BAEA-44F0486D7344}.Debug|x86.ActiveCfg = Debug|Win32
		{C5F7560B-77F0-4464-BAEA-44F0486D7344}.Debug|x86.Build.0 = Debug|Win32
		{C5F7560B-77F0-4464-BAEA-44F0486D7344}.Release|x64.ActiveCfg = Release|x64
		{C5F7560B-77F0-4464-BAEA-44F0486D7344}.Release|x64.Build.0 = Release|x64
		{C5F7560B-77F0-4464-BAEA-44F0486D7344}.Release|x86.ActiveCfg = Release|Win32
		{C5F7560B-77F0-4464-BAEA-44F0486D7344}.Release|x86.Build.0 = Release|Win32
		{985B5361-D5D1-45E9-B4B5-68BD02DF45C6}.Debug|x64.ActiveCfg = Debug|x64
		{985B5361-D5D1-45E9-B4B5-68BD02DF45C6}.Debug|x64.Build.0 = Debug|x64
		{985B5361-D5D1-45E9-B4B5-68BD02DF45C6}.Debug|x86.ActiveCfg = Debug|Win32
		{985B5361-D5D1-45E9-B4B5-68BD02DF45C6}.Debug|x86.Build.0 = Debug|Win32
		{985B5361-D5D1-45E9-B4B5-68BD02DF45C6}.Release|x64.ActiveCfg = Release|x64
		{985B5361-D5D1-45E9-B4B5-68BD02DF45C6}.Release|x64.Build.0 = Release|x64
		{985B5361-D5D1-45E9-B4B5-68BD02DF45C6}.Release|x86.ActiveCfg = Release|Win32
		{985B5361-D5D1-45E9-B4B5-68BD02DF45C6}.Release|x86.Build.0 = Release|Win32
		{F66109BE-E92E-4D1E-AC3B-8DE8D962C9DE}.Debug|x64.ActiveCfg = Debug|x64
		{F66109BE-E92E-4D1E-AC3B-8DE8D962C9DE}.Debug|x64.Build.0 = Debug|x64
		{F66109BE-E92E-4D1E-AC3B-8DE8D962C9DE}.Debug|x86.ActiveCfg = Debug|Win32
		{F66109BE-E92E-4D1E-AC3B-8DE8D962C9DE}.Debug|x86.Build.0 = Debug|Win32
		{F66109BE-E92E-4D1E-AC3B-8DE8D962C9DE}.Release|x64.ActiveCfg = Release|x64
		{F66109BE-E92E-4D1E-AC3B-8DE8D962C9DE}.Release|x64.Build.0 = Release|x64
		{F66109BE-E92E-4D1E-AC3B-8DE8D962C9DE}.Release|x86.ActiveCfg = Release|Win32
		{F66109BE-E92E-4D1E-AC3B-8DE8D962C9DE}.Release|x86.Build.0 = Release|Win32
		{21BB6F62-9E82-46DC-9BDB-9AC2B80E5EF0}.Debug|x64.ActiveCfg = Debug|x64
		{21BB6F62-9E82-46DC-9BDB-9AC2B80E5EF0}.Debug|x64.Build.0 = Debug|x64
		{21BB6F62-9E82-46DC-9BDB-9AC2B80E5EF0}.Debug|x86.ActiveCfg = Debug|Win32
		{21BB6F62-9E82-46DC-9BDB-9AC2B80E5EF0}.Debug|x86.Build.0 = Debug|Win32
		{21BB6F62-9E82-46DC-9BDB-9AC2B80E5EF0}.Release|x64.ActiveCfg = Release|x64
		{21BB6F62-9E82-46DC-9BDB-9AC2B80E5EF0}.Release|x64.Build.0 = Release|x64
		{21BB6F62-9E82-46DC-9BDB-9AC2B80E5EF0}.Release|x86.ActiveCfg = Release|Win32
		{21BB6F62-9E82-46DC-9BDB-9AC2B80E5EF0}.Release|x86.Build.0 = Release|Win32
		{2588492D-89FD-4788-B2A1-2D500B3EB6F2}.Debug|x64.ActiveCfg = Debug|x64
		{2588492D-89FD-4788-B2A1-2D500B3EB6F2}.Debug|x64.Build.0 = Debug|x64
		{2588492D-89FD-4788-B2A1-2D500B3EB6F2}.Debug|x86.ActiveCfg = Debug|Win32
		{2588492D-89FD-4788-B2A1-2D500B3EB6F2}.Debug|x86.Build.0 = Debug|Win32
		{2588492D-89FD-4788-B2A1-2D500B3EB6F2}.Release|x64.ActiveCfg = Release|x64
		{2588492D-89FD-4788-B2A1-2D500B3EB6F2}.Release|x64.Build.0 = Release|x64
		{2588492D-89FD-4788-B2A1-2D500B3EB6F2}.Release|x86.ActiveCfg = Release|Win32
		{2588492D-89FD-4788-B2A1-2D500B3EB6F2}.Release|x86.Build.0 = Release|Win32
		{C94DD683-5018-46AA-904C-E46066633054}.Debug|x64.ActiveCfg = Debug|x64
		{C94DD683-5018-46AA-904C-E46066633054}.Debug|x64.Build.0 = Debug|x64
		{C94DD683-5018-46AA-904C-E46066633054}.Debug|x86.ActiveCfg = Debug|Win32
		{C94DD683-5018-46AA-904C-E46066633054}.Debug|x86.Build.0 = Debug|Win32
		{C94DD683-5018-46AA-904C-E46066633054}.Release|x64.ActiveCfg = Release|x64
		{C94DD683-5018-46AA-904C-E46066633054}.Release|x64.Build.0 = Release|x64
		{C94DD683-5018-46AA-904C-E46066633054}.Release|x86.ActiveCfg = Release|Win32
		{C94DD683-5018-46AA-904C-E46066633054}.Release|x86.Build.0 = Release|Win32
		{4DAD75E0-ED2D-4929-9CFE-53E3B8A35F42}.Debug|x64.ActiveCfg = Debug|x64
		{4DAD75E0-ED2D-4929-9CFE-53E3B8A35F42}.Debug|x64.Build.0 = Debug|x64
		{4DAD75E0-ED2D-4929-9CFE-53E3B8A35F42}.Debug|x86.ActiveCfg = Debug|Win32
		{4DAD75E0-ED2D-4929-9CFE-53E3B8A35F42}.Debug|x86.Build.0 = Debug|Win32
		{4DAD75E0-ED2D-4929-9CFE-53E3B8A35F42}.Release|x64.ActiveCfg = Release|x64
		{4DAD75E0-ED2D-4929-9CFE-53E3B8A35F42}.Release|x64.Build.0 = Release|x64
		{4DAD75E0-ED2D-4929-9CFE-53E3B8A35F42}.Release|x86.ActiveCfg = Release|Win32
		{4DAD75E0-ED2D-4929-9CFE-53E3B8A35F42}.Release|x86.Build.0 = Release|Win32
		{D86AE9C7-6D3D-4F00-B2A5-CFA92E463DE9}.Debug|x64.ActiveCfg = Debug|x64
		{D86AE9C7-6D3D-4F00-B2A5-CFA92E463DE9}.Debug|x64.Build.0 = Debug|x64
		{D86AE9C7-6D3D-4F00-B2A5-CFA92E463DE9}.Debug|x86.ActiveCfg = Debug|Win32
		{D86AE9C7-6D3D-4F00-B2A5-CFA92E463DE9}.Debug|x86.Build.0 = Debug|Win32
		{D86AE9C7-6D3D-4F00-B2A5-CFA92E463DE9}.Release|x64.ActiveCfg = Release|x64
		{D86AE9C7-6D3D-4F00-B2A5-CFA92E463DE9}.Release|x64.Build.0 = Release|x64
		{D86AE9C7-6D3D-4F00-B2A5-CFA92E463DE9}.Release|x86.ActiveCfg = Release|Win32
		{D86AE9C7-6D3D-4F00-B2A5-CFA92E463DE9}.Release|x86.Build.0 = Release|Win32
		{877E0B6B-A996-48BA-821A-94D4D3990718}.Debug|x64.ActiveCfg = Debug|x64
		{877E0B6B-A996-48BA-821A-94D4D3990718}.Debug|x64.Build.0 = Debug|x64
		{877E0B6B-A996-48BA-821A-94D4D3990718}.Debug|x86.ActiveCfg = Debug|Win32
		{877E0B6B-A996-48BA-821A-94D4D3990718}.Debug|x86.Build.0 = Debug|Win32
		{877E0B6B-A996-48BA-821A-94D4D3990718}.Release|x64.ActiveCfg = Release|x64
		{877E0B6B-A996-48BA-821A-94D4D3990718}.Release|x64.Build.0 = Release|x64
		{877E0B6B-A996-48BA-821A-94D4D3990718}.Release|x86.ActiveCfg = Release|Win32
		{877E0B6B-A996-48BA-821A-94D4D3990718}.Release|x86.Build.0 = Release|Win32
		{B3E47702-86B2-45F5-A4FE-D5E8F9530F7C}.Debug|x64.ActiveCfg = Debug|x64
		{B3E47702-86B2-45F5-A4FE-D5E8F9530F7C}.Debug|x64.Build.0 = Debug|x64
		{B3E47702-86B2-45F5-A4FE-D5E8F9530F7C}.Debug|x86.ActiveCfg = Debug|Win32
		{B3E47702-86B2-45F5-A4FE-D5E8F9530F7C}.Debug|x86.Build.0 = Debug|Win32
		{B3E47702-86B2-45F5-A4FE-D5E8F9530F7C}.Release|x64.ActiveCfg = Release|x64
		{B3E47702-86B2-45F5-A4FE-D5E8F9530F7C}.Release|x64.Build.0 = Release|x64
		{B3E47702-86B2-45F5-A4FE-D5E8F9530F7C}.Release|x86.ActiveCfg = Release|Win32
		{B3E47702-86B2-45F5-A4FE-D5E8F9530F7C}.Release|x86.Build.0 = Release|Win32
		{1CEC8F8C-8043-4DFB-84E4-65860364EACF}.Debug|x64.ActiveCfg = Debug|x64
		{1CEC8F8C-8043-4DFB-84E4-65860364EACF}.Debug|x64.Build.0 = Debug|x64
		{1CEC8F8C-8043-4DFB-84E4-65860364EACF}.Debug|x86.ActiveCfg = Debug|Win32
		{1CEC8F8C-8043-4DFB-84E4-65860364EACF}.Debug|x86.Build.0 = Debug|Win32
		{1CEC8F8C-8043-4DFB-84E4-65860364EACF}.Release|x64.ActiveCfg = Release|x64
		{1CEC8F8C-8043-4DFB-84E4-65860364EACF}.Release|x64.Build.0 = Release|x64
		{1CEC8F8C-8043-4DFB-84E4-65860364EACF}.Release|x86.ActiveCfg = Release|Win32
		{1CEC8F8C-8043-4DFB-84E4-65860364EACF}.Release|x86.Build.0 = Release|Win32
		{6A40EFD9-5571-4805-B4D4-E75D1321D61B}.Debug|x64.ActiveCfg = Debug|x64
		{6A40EFD9-5571-4805-B4D4-E75D1321D61B}.Debug|x64.Build.0 = Debug|x64
		{6A40EFD9-5571-4805-B4D4-E75D1321D61B}.Debug|x86.ActiveCfg = Debug|Win32
		{6A40EFD9-5571-4805-B4D4-E75D1321D61B}.Debug|x86.Build.0 = Debug|Win32
		{6A40EFD9-5571-4805-B4D4-E75D1321D61B}.Release|x64.ActiveCfg = Release|x64
		{6A40EFD9-5571-4805-B4D4-E75D1321D61B}.Release|x64.Build.0 = Release|x64
		{6A40EFD9-5571-4805-B4D4-E75D1321D61B}.Release|x86.ActiveCfg = Release|Win32
		{6A40EFD9-5571-4805-B4D4-E75D1321D61B}.Release|x86.Build.0 = Release|Win32
		{00DA33F9-621A-4917-98E0-DB93D5F91A06}.Debug|x64.ActiveCfg = Debug|x64
		{00DA33F9-621A-4917-98E0-DB93D5F91A06}.Debug|x64.Build.0 = Debug|x64
		{00DA33F9-621A-4917-98E0-DB93D5F91A06}.Debug|x86.ActiveCfg = Debug|Win32
		{00DA33F9-621A-4917-98E0-DB93D5F91A06}.Debug|x86.Build.0 = Debug|Win32
		{00DA33F9-621A-4917-98E0-DB93D5F91A06}.Release|x64.ActiveCfg = Release|x64
		{00DA33F9-621A-4917-98E0-DB93D5F91A06}.Release|x64.Build.0 = Release|x64
		{00DA33F9-621A-4917-98E0-DB93D5F91A06}.Release|x86.ActiveCfg = Release|Win32
		{00DA33F9-621A-4917-98E0-DB93D5F91A06}.Release|x86.Build.0 = Release|Win32
		{E4873E40-6E5A-4F0D-983E-C3036FF488C1}.Debug|x64.ActiveCfg = Debug|x64
		{E4873E40-6E5A-4F0D-983E-C3036FF488C1}.Debug|x64.Build.0 = Debug|x64
		{E4873E40-6E5A-4F0D-983E-C3036FF488C1}.Debug|x86.ActiveCfg = Debug|Win32
		{E4873E40-6E5A-4F0D-983E-C3036FF488C1}.Debug|x86.Build.0 = Debug|Win32
		{E4873E40-6E5A-4F0D-983E-C3036FF488C1}.Release|x64.ActiveCfg = Release|x64
		{E4873E40-6E5A-4F0D-983E-C3036FF488C1}.Release|x64.Build.0 = Release|x64
		{E4873E40-6E5A-4F0D-983E-C3036FF488C1}.Release|x86.ActiveCfg = Release|Win32
		{E4873E40-6E5A-4F0D-983E-C3036FF488C1}.Release|x86.Build.0 = Release|Win32
		{65FC8434-8CCC-4D28-B61E-75EB502D91CC}.Debug|x64.ActiveCfg = Debug|x64
		{65FC8434-8CCC-4D28-B61E-75EB502D91CC}.Debug|x64.Build.0 = Debug|x64
		{65FC8434-8CCC-4D28-B61E-75EB502D91CC}.Debug|x86.ActiveCfg = Debug|Win32
		{65FC8434-8CCC-4D28-B61E-75EB502D91CC}.Debug|x86.Build.0 = Debug|Win32
		{65FC8434-8CCC-4D28-B61E-75EB502D91CC}.Release|x64.ActiveCfg = Release|x64
		{65FC8434-8CCC-4D28-B61E-75EB502D91CC}.Release|x64.Build.0 = Release|x64
		{65FC8434-8CCC-4D28-B61E-75EB502D91CC}.Release|x86.ActiveCfg = Release|Win32
		{65FC8434-8CCC-4D28-B61E-75EB502D91CC}.Release|x86.Build.0 = Release|Win32
		{A565DFA2-42C8-4989-A57D-E498D4211C1F}.Debug|x64.ActiveCfg = Debug|x64
		{A565DFA2-42C8-4989-A57D-E498D4211C1F}.Debug|x64.Build.0 = Debug|x64
		{A565DFA2-42C8-4989-A57D-E498D4211C1F}.Debug|x86.ActiveCfg = Debug|Win32
		{A565DFA2-42C8-4989-A57D-E498D4211C1F}.Debug|x86.Build.0 = Debug|Win32
		{A565DFA2-42C8-4989-A57D-E498D4211C1F}.Release|x64.ActiveCfg = Release|x64
		{A565DFA2-42C8-4989-A57D-E498D4211C1F}.Release|x64.Build.0 = Release|x64
		{A565DFA2-42C8-4989-A57D-E498D4211C1F}.Release|x86.ActiveCfg = Release|Win32
		{A565DFA2-42C8-4989-A57D-E498D4211C1F}.Release|x86.Build.0 = Release|Win32
		{C5AB6608-42BF-4AF3-BBA3-1A0F07D759A5}.Debug|x64.ActiveCfg = Debug|x64
		{C5AB6608-42BF-4AF3-BBA3-1A0F07D759A5}.Debug|x64.Build.0 = Debug|x64
		{C5AB6608-42BF-4AF3-BBA3-1A0F07D759A5}.Debug|x86.ActiveCfg = Debug|Win32
		{C5AB6608-42BF-4AF3-BBA3-1A0F07D759A5}.Debug|x86.Build.0 = Debug|Win32
		{C5AB6608-42BF-4AF3-BBA3-1A0F07D759A5}.Release|x64.ActiveCfg = Release|x64
		{C5AB6608-42BF-4AF3-BBA3-1A0F07D759A5}.Release|x64.Build.0 = Release|x64
		{C5AB6608-42BF-4AF3-BBA3-1A0F07D759A5}.Release|x86.ActiveCfg = Release|Win32
		{C5AB6608-42BF-4AF3-BBA3-1A0F07D759A5}.Release|x86.Build.0 = Release|Win32
		{163D7E86-F794-492F-B03E-DB45B23C1EAA}.Debug|x64.ActiveCfg = Debug|x64
		{163D7E86-F794-492F-B03E-DB45B23C1EAA}.Debug|x64.Build.0 = Debug|x64
		{163D7E86-F794-492F-B03E-DB45B23C1EAA}.Debug|x86.ActiveCfg = Debug|Win32
		{163D7E86-F794-492F-B03E-DB45B23C1EAA}.Debug|x86.Build.0 = Debug|Win32
		{163D7E86-F794-492F-B03E-DB45B23C1EAA}.Release|x64.ActiveCfg = Release|x64
		{163D7E86-F794-492F-B03E-DB45B23C1EAA}.Release|x64.Build.0 = Release|x64
		{163D7E86-F794-492F-B03E-DB45B23C1EAA}.Release|x86.ActiveCfg = Release|Win32
		{163D7E86-F794-492F-B03E-DB45B23C1EAA}.Release|x86.Build.0 = Release|Win32
		{A14CE679-4FC5-432B-89B1-1C5AB3868C70}.Debug|x64.ActiveCfg = Debug|x64
		{A14CE679-4FC5-432B-89B1-1C5AB3868C70}.Debug|x64.Build.0 = Debug|x64
		{A14CE679-4FC5-432B-89B1-1C5AB3868C70}.Debug|x86.ActiveCfg = Debug|Win32
		{A14CE679-4FC5-432B-89B1-1C5AB3868C70}.Debug|x86.Build.0 = Debug|Win32
		{A14CE679-4FC5-432B-89B1-1C5AB3868C70}.Release|x64.ActiveCfg = Release|x64
		{A14CE679-4FC5-432B-89B1-1C5AB3868C70}.Release|x64.Build.0 = Release|x64
		{A14CE679-4FC5-432B-89B1-1C5AB3868C70}.Release|x86.ActiveCfg = Release|Win32
		{A14CE679-4FC5-432B-89B1-1C5AB3868C70}.Release|x86.Build.0 = Release|Win32
		{4DA7DA68-14DA-4665-ADBE-FC07C28F0B81}.Debug|x64.ActiveCfg = Debug|x64
		{4DA7DA68-14DA-4665-ADBE-FC07C28F0B81}.Debug|x64.Build.0 = Debug|x64
		{4DA7DA68-14DA-4665-ADBE-FC07C28F0B81}.Debug|x86.ActiveCfg = Debug|Win32
		{4DA7DA68-14DA-4665-ADBE-FC07C28F0B81}.Debug|x86.Build.0 = Debug|Win32
		{4DA7DA68-14DA-4665-ADBE-FC07C28F0B81}.Release|x64.ActiveCfg = Release|x64
		{4DA7DA68-14DA-4665-ADBE-FC07C28F0B81}.Release|x64.Build.0 = Release|x64
		{4DA7DA68-14DA-4665-ADBE-FC07C28F0B81}.Release|x86.ActiveCfg = Release|Win32
		{4DA7DA68-14DA-4665-ADBE-FC07C28F0B81}.Release|x86.Build.0 = Release|Win32
		{38C05E0C-DD85-4B33-BEA5-F386D76B0074}.Debug|x64.ActiveCfg = Debug|x64
		{38C05E0C-DD85-4B33-BEA5-F386D76B0074}.Debug|x64.Build.0 = Debug|x64
		{38C05E0C-DD85-4B33-BEA5-F386D76B0074}.Debug|x86.ActiveCfg = Debug|Win32
		{38C05E0C-DD85-4B33-BEA5-F386D76B0074}.Debug|x86.Build.0 = Debug|Win32
		{38C05E0C-DD85-4B33-BEA5-F386D76B0074}.Release|x64.ActiveCfg = Release|x64
		{38C05E0C-DD85-4B33-BEA5-F386D76B0074}.Release|x64.Build.0 = Release|x64
		{38C05E0C-DD85-4B33-BEA5-F386D76B0074}.Release|x86.ActiveCfg = Release|Win32
		{38C05E0C-DD85-4B33-BEA5-F386D76B0074}.Release|x86.Build.0 = Release|Win32
	EndGlobalSection
	GlobalSection(SolutionProperties) = preSolution
		HideSolutionNode = FALSE
	EndGlobalSection
	GlobalSection(ExtensibilityGlobals) = postSolution
		SolutionGuid = {EB04D597-1847-4E88-905C-D572FAA3906D}
	EndGlobalSection
EndGlobal
